
Microsoft Visual Studio Solution File, Format Version 12.00
# Visual Studio Version 17
VisualStudioVersion = 17.7.34221.43
MinimumVisualStudioVersion = 10.0.40219.1
Project("{8BC9CEB8-8B4A-11D0-8D11-00A0C91BC942}") = "viterbi", "viterbi.vcxproj", "{4FD3AFA9-EABF-45E2-9A9B-668A851EF6BF}"
EndProject
Project("{8BC9CEB8-8B4A-11D0-8D11-00A0C91BC942}") = "viterbi-benchmark", "viterbi-benchmark\viterbi-benchmark.vcxproj", "{66A74A8E-3A92-4C14-83C9-BE10778BF8FB}"
EndProject
Global
	GlobalSection(SolutionConfigurationPlatforms) = preSolution
		Rel_asm|x64 = Rel_asm|x64
		Rel_cpp|x64 = Rel_cpp|x64
	EndGlobalSection
	GlobalSection(ProjectConfigurationPlatforms) = postSolution
		{4FD3AFA9-EABF-45E2-9A9B-668A851EF6BF}.Rel_asm|x64.ActiveCfg = Rel_asm|x64
		{4FD3AFA9-EABF-45E2-9A9B-668A851EF6BF}.Rel_asm|x64.Build.0 = Rel_asm|x64
		{4FD3AFA9-EABF-45E2-9A9B-668A851EF6BF}.Rel_cpp|x64.ActiveCfg = Rel_cpp|x64
		{4FD3AFA9-EABF-45E2-9A9B-668A851EF6BF}.Rel_cpp|x64.Build.0 = Rel_cpp|x64
		{66A74A8E-3A92-4C14-83C9-BE10778BF8FB}.Rel_asm|x64.ActiveCfg = Release|x64
		{66A74A8E-3A92-4C14-83C9-BE10778BF8FB}.Rel_asm|x64.Build.0 = Release|x64
		{66A74A8E-3A92-4C14-83C9-BE10778BF8FB}.Rel_cpp|x64.ActiveCfg = Release|x64
		{66A74A8E-3A92-4C14-83C9-BE10778BF8FB}.Rel_cpp|x64.Build.0 = Release|x64
	EndGlobalSection
	GlobalSection(SolutionProperties) = preSolution
		HideSolutionNode = FALSE
	EndGlobalSection
	GlobalSection(ExtensibilityGlobals) = postSolution
		SolutionGuid = {9D3D7DB1-059D-46FF-AF44-181ACAE779D2}
	EndGlobalSection
EndGlobal
